// !$*UTF8*$!
{
	archiveVersion = 1;
	classes = {
	};
	objectVersion = 50;
	objects = {

/* Begin PBXBuildFile section */
		590BF44125453EC800BB8829 /* AppDelegate.swift in Sources */ = {isa = PBXBuildFile; fileRef = 590BF44025453EC800BB8829 /* AppDelegate.swift */; };
		590BF44525453EC800BB8829 /* ViewController.swift in Sources */ = {isa = PBXBuildFile; fileRef = 590BF44425453EC800BB8829 /* ViewController.swift */; };
		590BF44825453EC800BB8829 /* Main.storyboard in Resources */ = {isa = PBXBuildFile; fileRef = 590BF44625453EC800BB8829 /* Main.storyboard */; };
		590BF44D25453ECC00BB8829 /* LaunchScreen.storyboard in Resources */ = {isa = PBXBuildFile; fileRef = 590BF44B25453ECC00BB8829 /* LaunchScreen.storyboard */; };
		590BF48D254556C200BB8829 /* Assets.xcassets in Resources */ = {isa = PBXBuildFile; fileRef = 590BF48C254556C200BB8829 /* Assets.xcassets */; };
		59FE26F32545609000C887E3 /* harry.mp4 in Resources */ = {isa = PBXBuildFile; fileRef = 59FE26F22545609000C887E3 /* harry.mp4 */; };
/* End PBXBuildFile section */

/* Begin PBXFileReference section */
		590BF43D25453EC800BB8829 /* ARImageDetectionPlayVideo.app */ = {isa = PBXFileReference; explicitFileType = wrapper.application; includeInIndex = 0; path = ARImageDetectionPlayVideo.app; sourceTree = BUILT_PRODUCTS_DIR; };
		590BF44025453EC800BB8829 /* AppDelegate.swift */ = {isa = PBXFileReference; lastKnownFileType = sourcecode.swift; path = AppDelegate.swift; sourceTree = "<group>"; };
		590BF44425453EC800BB8829 /* ViewController.swift */ = {isa = PBXFileReference; lastKnownFileType = sourcecode.swift; path = ViewController.swift; sourceTree = "<group>"; };
		590BF44725453EC800BB8829 /* Base */ = {isa = PBXFileReference; lastKnownFileType = file.storyboard; name = Base; path = Base.lproj/Main.storyboard; sourceTree = "<group>"; };
		590BF44C25453ECC00BB8829 /* Base */ = {isa = PBXFileReference; lastKnownFileType = file.storyboard; name = Base; path = Base.lproj/LaunchScreen.storyboard; sourceTree = "<group>"; };
		590BF44E25453ECC00BB8829 /* Info.plist */ = {isa = PBXFileReference; lastKnownFileType = text.plist.xml; path = Info.plist; sourceTree = "<group>"; };
		590BF48C254556C200BB8829 /* Assets.xcassets */ = {isa = PBXFileReference; lastKnownFileType = folder.assetcatalog; path = Assets.xcassets; sourceTree = "<group>"; };
		59FE26F22545609000C887E3 /* harry.mp4 */ = {isa = PBXFileReference; lastKnownFileType = file; path = harry.mp4; sourceTree = "<group>"; };
/* End PBXFileReference section */

/* Begin PBXFrameworksBuildPhase section */
		590BF43A25453EC800BB8829 /* Frameworks */ = {
			isa = PBXFrameworksBuildPhase;
			buildActionMask = 2147483647;
			files = (
			);
			runOnlyForDeploymentPostprocessing = 0;
		};
/* End PBXFrameworksBuildPhase section */

/* Begin PBXGroup section */
		590BF43425453EC800BB8829 = {
			isa = PBXGroup;
			children = (
				590BF43F25453EC800BB8829 /* ARImageDetectionPlayVideo */,
				590BF43E25453EC800BB8829 /* Products */,
			);
			sourceTree = "<group>";
		};
		590BF43E25453EC800BB8829 /* Products */ = {
			isa = PBXGroup;
			children = (
				590BF43D25453EC800BB8829 /* ARImageDetectionPlayVideo.app */,
			);
			name = Products;
			sourceTree = "<group>";
		};
		590BF43F25453EC800BB8829 /* ARImageDetectionPlayVideo */ = {
			isa = PBXGroup;
			children = (
				590BF44025453EC800BB8829 /* AppDelegate.swift */,
				59FE26F22545609000C887E3 /* harry.mp4 */,
				590BF44425453EC800BB8829 /* ViewController.swift */,
				590BF49025455B6A00BB8829 /* Video */,
				590BF44625453EC800BB8829 /* Main.storyboard */,
				590BF48C254556C200BB8829 /* Assets.xcassets */,
				590BF44B25453ECC00BB8829 /* LaunchScreen.storyboard */,
				590BF44E25453ECC00BB8829 /* Info.plist */,
			);
			path = ARImageDetectionPlayVideo;
			sourceTree = "<group>";
		};
		590BF49025455B6A00BB8829 /* Video */ = {
			isa = PBXGroup;
			children = (
			);
			path = Video;
			sourceTree = "<group>";
		};
/* End PBXGroup section */

/* Begin PBXNativeTarget section */
		590BF43C25453EC800BB8829 /* ARImageDetectionPlayVideo */ = {
			isa = PBXNativeTarget;
			buildConfigurationList = 590BF45125453ECC00BB8829 /* Build configuration list for PBXNativeTarget "ARImageDetectionPlayVideo" */;
			buildPhases = (
				590BF43925453EC800BB8829 /* Sources */,
				590BF43A25453EC800BB8829 /* Frameworks */,
				590BF43B25453EC800BB8829 /* Resources */,
			);
			buildRules = (
			);
			dependencies = (
			);
			name = ARImageDetectionPlayVideo;
			productName = ARImageDetectionPlayVideo;
			productReference = 590BF43D25453EC800BB8829 /* ARImageDetectionPlayVideo.app */;
			productType = "com.apple.product-type.application";
		};
/* End PBXNativeTarget section */

/* Begin PBXProject section */
		590BF43525453EC800BB8829 /* Project object */ = {
			isa = PBXProject;
			attributes = {
				LastSwiftUpdateCheck = 1210;
				LastUpgradeCheck = 1210;
				TargetAttributes = {
					590BF43C25453EC800BB8829 = {
						CreatedOnToolsVersion = 12.1;
					};
				};
			};
			buildConfigurationList = 590BF43825453EC800BB8829 /* Build configuration list for PBXProject "ARImageDetectionPlayVideo" */;
			compatibilityVersion = "Xcode 9.3";
			developmentRegion = en;
			hasScannedForEncodings = 0;
			knownRegions = (
				en,
				Base,
			);
			mainGroup = 590BF43425453EC800BB8829;
			productRefGroup = 590BF43E25453EC800BB8829 /* Products */;
			projectDirPath = "";
			projectRoot = "";
			targets = (
				590BF43C25453EC800BB8829 /* ARImageDetectionPlayVideo */,
			);
		};
/* End PBXProject section */

/* Begin PBXResourcesBuildPhase section */
		590BF43B25453EC800BB8829 /* Resources */ = {
			isa = PBXResourcesBuildPhase;
			buildActionMask = 2147483647;
			files = (
				590BF44D25453ECC00BB8829 /* LaunchScreen.storyboard in Resources */,
				590BF48D254556C200BB8829 /* Assets.xcassets in Resources */,
				59FE26F32545609000C887E3 /* harry.mp4 in Resources */,
				590BF44825453EC800BB8829 /* Main.storyboard in Resources */,
			);
			runOnlyForDeploymentPostprocessing = 0;
		};
/* End PBXResourcesBuildPhase section */

/* Begin PBXSourcesBuildPhase section */
		590BF43925453EC800BB8829 /* Sources */ = {
			isa = PBXSourcesBuildPhase;
			buildActionMask = 2147483647;
			files = (
				590BF44525453EC800BB8829 /* ViewController.swift in Sources */,
				590BF44125453EC800BB8829 /* AppDelegate.swift in Sources */,
			);
			runOnlyForDeploymentPostprocessing = 0;
		};
/* End PBXSourcesBuildPhase section */

/* Begin PBXVariantGroup section */
		590BF44625453EC800BB8829 /* Main.storyboard */ = {
			isa = PBXVariantGroup;
			children = (
				590BF44725453EC800BB8829 /* Base */,
			);
			name = Main.storyboard;
			sourceTree = "<group>";
		};
		590BF44B25453ECC00BB8829 /* LaunchScreen.storyboard */ = {
			isa = PBXVariantGroup;
			children = (
				590BF44C25453ECC00BB8829 /* Base */,
			);
			name = LaunchScreen.storyboard;
			sourceTree = "<group>";
		};
/* End PBXVariantGroup section */

/* Begin XCBuildConfiguration section */
		590BF44F25453ECC00BB8829 /* Debug */ = {
			isa = XCBuildConfiguration;
			buildSettings = {
				ALWAYS_SEARCH_USER_PATHS = NO;
				CLANG_ANALYZER_NONNULL = YES;
				CLANG_ANALYZER_NUMBER_OBJECT_CONVERSION = YES_AGGRESSIVE;
				CLANG_CXX_LANGUAGE_STANDARD = "gnu++14";
				CLANG_CXX_LIBRARY = "libc++";
				CLANG_ENABLE_MODULES = YES;
				CLANG_ENABLE_OBJC_ARC = YES;
				CLANG_ENABLE_OBJC_WEAK = YES;
				CLANG_WARN_BLOCK_CAPTURE_AUTORELEASING = YES;
				CLANG_WARN_BOOL_CONVERSION = YES;
				CLANG_WARN_COMMA = YES;
				CLANG_WARN_CONSTANT_CONVERSION = YES;
				CLANG_WARN_DEPRECATED_OBJC_IMPLEMENTATIONS = YES;
				CLANG_WARN_DIRECT_OBJC_ISA_USAGE = YES_ERROR;
				CLANG_WARN_DOCUMENTATION_COMMENTS = YES;
				CLANG_WARN_EMPTY_BODY = YES;
				CLANG_WARN_ENUM_CONVERSION = YES;
				CLANG_WARN_INFINITE_RECURSION = YES;
				CLANG_WARN_INT_CONVERSION = YES;
				CLANG_WARN_NON_LITERAL_NULL_CONVERSION = YES;
				CLANG_WARN_OBJC_IMPLICIT_RETAIN_SELF = YES;
				CLANG_WARN_OBJC_LITERAL_CONVERSION = YES;
				CLANG_WARN_OBJC_ROOT_CLASS = YES_ERROR;
				CLANG_WARN_QUOTED_INCLUDE_IN_FRAMEWORK_HEADER = YES;
				CLANG_WARN_RANGE_LOOP_ANALYSIS = YES;
				CLANG_WARN_STRICT_PROTOTYPES = YES;
				CLANG_WARN_SUSPICIOUS_MOVE = YES;
				CLANG_WARN_UNGUARDED_AVAILABILITY = YES_AGGRESSIVE;
				CLANG_WARN_UNREACHABLE_CODE = YES;
				CLANG_WARN__DUPLICATE_METHOD_MATCH = YES;
				COPY_PHASE_STRIP = NO;
				DEBUG_INFORMATION_FORMAT = dwarf;
				ENABLE_STRICT_OBJC_MSGSEND = YES;
				ENABLE_TESTABILITY = YES;
				GCC_C_LANGUAGE_STANDARD = gnu11;
				GCC_DYNAMIC_NO_PIC = NO;
				GCC_NO_COMMON_BLOCKS = YES;
				GCC_OPTIMIZATION_LEVEL = 0;
				GCC_PREPROCESSOR_DEFINITIONS = (
					"DEBUG=1",
					"$(inherited)",
				);
				GCC_WARN_64_TO_32_BIT_CONVERSION = YES;
				GCC_WARN_ABOUT_RETURN_TYPE = YES_ERROR;
				GCC_WARN_UNDECLARED_SELECTOR = YES;
				GCC_WARN_UNINITIALIZED_AUTOS = YES_AGGRESSIVE;
				GCC_WARN_UNUSED_FUNCTION = YES;
				GCC_WARN_UNUSED_VARIABLE = YES;
				IPHONEOS_DEPLOYMENT_TARGET = 12.0;
				MTL_ENABLE_DEBUG_INFO = INCLUDE_SOURCE;
				MTL_FAST_MATH = YES;
				ONLY_ACTIVE_ARCH = YES;
				SDKROOT = iphoneos;
				SWIFT_ACTIVE_COMPILATION_CONDITIONS = DEBUG;
				SWIFT_OPTIMIZATION_LEVEL = "-Onone";
			};
			name = Debug;
		};
		590BF45025453ECC00BB8829 /* Release */ = {
			isa = XCBuildConfiguration;
			buildSettings = {
				ALWAYS_SEARCH_USER_PATHS = NO;
				CLANG_ANALYZER_NONNULL = YES;
				CLANG_ANALYZER_NUMBER_OBJECT_CONVERSION = YES_AGGRESSIVE;
				CLANG_CXX_LANGUAGE_STANDARD = "gnu++14";
				CLANG_CXX_LIBRARY = "libc++";
				CLANG_ENABLE_MODULES = YES;
				CLANG_ENABLE_OBJC_ARC = YES;
				CLANG_ENABLE_OBJC_WEAK = YES;
				CLANG_WARN_BLOCK_CAPTURE_AUTORELEASING = YES;
				CLANG_WARN_BOOL_CONVERSION = YES;
				CLANG_WARN_COMMA = YES;
				CLANG_WARN_CONSTANT_CONVERSION = YES;
				CLANG_WARN_DEPRECATED_OBJC_IMPLEMENTATIONS = YES;
				CLANG_WARN_DIRECT_OBJC_ISA_USAGE = YES_ERROR;
				CLANG_WARN_DOCUMENTATION_COMMENTS = YES;
				CLANG_WARN_EMPTY_BODY = YES;
				CLANG_WARN_ENUM_CONVERSION = YES;
				CLANG_WARN_INFINITE_RECURSION = YES;
				CLANG_WARN_INT_CONVERSION = YES;
				CLANG_WARN_NON_LITERAL_NULL_CONVERSION = YES;
				CLANG_WARN_OBJC_IMPLICIT_RETAIN_SELF = YES;
				CLANG_WARN_OBJC_LITERAL_CONVERSION = YES;
				CLANG_WARN_OBJC_ROOT_CLASS = YES_ERROR;
				CLANG_WARN_QUOTED_INCLUDE_IN_FRAMEWORK_HEADER = YES;
				CLANG_WARN_RANGE_LOOP_ANALYSIS = YES;
				CLANG_WARN_STRICT_PROTOTYPES = YES;
				CLANG_WARN_SUSPICIOUS_MOVE = YES;
				CLANG_WARN_UNGUARDED_AVAILABILITY = YES_AGGRESSIVE;
				CLANG_WARN_UNREACHABLE_CODE = YES;
				CLANG_WARN__DUPLICATE_METHOD_MATCH = YES;
				COPY_PHASE_STRIP = NO;
				DEBUG_INFORMATION_FORMAT = "dwarf-with-dsym";
				ENABLE_NS_ASSERTIONS = NO;
				ENABLE_STRICT_OBJC_MSGSEND = YES;
				GCC_C_LANGUAGE_STANDARD = gnu11;
				GCC_NO_COMMON_BLOCKS = YES;
				GCC_WARN_64_TO_32_BIT_CONVERSION = YES;
				GCC_WARN_ABOUT_RETURN_TYPE = YES_ERROR;
				GCC_WARN_UNDECLARED_SELECTOR = YES;
				GCC_WARN_UNINITIALIZED_AUTOS = YES_AGGRESSIVE;
				GCC_WARN_UNUSED_FUNCTION = YES;
				GCC_WARN_UNUSED_VARIABLE = YES;
				IPHONEOS_DEPLOYMENT_TARGET = 12.0;
				MTL_ENABLE_DEBUG_INFO = NO;
				MTL_FAST_MATH = YES;
				SDKROOT = iphoneos;
				SWIFT_COMPILATION_MODE = wholemodule;
				SWIFT_OPTIMIZATION_LEVEL = "-O";
				VALIDATE_PRODUCT = YES;
			};
			name = Release;
		};
		590BF45225453ECC00BB8829 /* Debug */ = {
			isa = XCBuildConfiguration;
			buildSettings = {
				ASSETCATALOG_COMPILER_APPICON_NAME = AppIcon;
				ASSETCATALOG_COMPILER_GLOBAL_ACCENT_COLOR_NAME = AccentColor;
				CODE_SIGN_STYLE = Automatic;
				DEVELOPMENT_TEAM = R975Y8X2C9;
				INFOPLIST_FILE = ARImageDetectionPlayVideo/Info.plist;
				IPHONEOS_DEPLOYMENT_TARGET = 12.0;
				LD_RUNPATH_SEARCH_PATHS = (
					"$(inherited)",
					"@executable_path/Frameworks",
				);
				PRODUCT_BUNDLE_IDENTIFIER = com.brainStorm.ARImageDetectionPlayVideo;
				PRODUCT_NAME = "$(TARGET_NAME)";
				SWIFT_VERSION = 5.0;
				TARGETED_DEVICE_FAMILY = "1,2";
			};
			name = Debug;
		};
		590BF45325453ECC00BB8829 /* Release */ = {
			isa = XCBuildConfiguration;
			buildSettings = {
				ASSETCATALOG_COMPILER_APPICON_NAME = AppIcon;
				ASSETCATALOG_COMPILER_GLOBAL_ACCENT_COLOR_NAME = AccentColor;
				CODE_SIGN_STYLE = Automatic;
				DEVELOPMENT_TEAM = R975Y8X2C9;
				INFOPLIST_FILE = ARImageDetectionPlayVideo/Info.plist;
				IPHONEOS_DEPLOYMENT_TARGET = 12.0;
				LD_RUNPATH_SEARCH_PATHS = (
					"$(inherited)",
					"@executable_path/Frameworks",
				);
				PRODUCT_BUNDLE_IDENTIFIER = com.brainStorm.ARImageDetectionPlayVideo;
				PRODUCT_NAME = "$(TARGET_NAME)";
				SWIFT_VERSION = 5.0;
				TARGETED_DEVICE_FAMILY = "1,2";
			};
			name = Release;
		};
/* End XCBuildConfiguration section */

/* Begin XCConfigurationList section */
		590BF43825453EC800BB8829 /* Build configuration list for PBXProject "ARImageDetectionPlayVideo" */ = {
			isa = XCConfigurationList;
			buildConfigurations = (
				590BF44F25453ECC00BB8829 /* Debug */,
				590BF45025453ECC00BB8829 /* Release */,
			);
			defaultConfigurationIsVisible = 0;
			defaultConfigurationName = Release;
		};
		590BF45125453ECC00BB8829 /* Build configuration list for PBXNativeTarget "ARImageDetectionPlayVideo" */ = {
			isa = XCConfigurationList;
			buildConfigurations = (
				590BF45225453ECC00BB8829 /* Debug */,
				590BF45325453ECC00BB8829 /* Release */,
			);
			defaultConfigurationIsVisible = 0;
			defaultConfigurationName = Release;
		};
/* End XCConfigurationList section */
	};
	rootObject = 590BF43525453EC800BB8829 /* Project object */;
}
